{
  "name": "consumer",
  "version": "1.0.0",
  "lockfileVersion": 3,
  "requires": true,
  "packages": {
    "": {
      "name": "consumer",
      "version": "1.0.0",
      "license": "ISC",
      "dependencies": {
        "rabbitmq-client": "^5.0.8"
      }
    },
    "node_modules/rabbitmq-client": {
      "version": "5.0.8",
      "resolved": "https://registry.npmjs.org/rabbitmq-client/-/rabbitmq-client-5.0.8.tgz",
      "integrity": "sha512-nNto/okuVq+d/OamRYX4HIiCkHdOE0RICIDRjS4YQUo2DI/l3R9RlsFaEEYSjIc+LT6DV+1wUub3nD1HwrM4SQ==",
      "license": "MIT",
      "engines": {
        "node": ">=16"
      }
    }
  }
}
